
Microsoft Visual Studio Solution File, Format Version 12.00
# Visual Studio Version 17
VisualStudioVersion = 17.12.35527.113
MinimumVisualStudioVersion = 10.0.40219.1
Project("{FAE04EC0-301F-11D3-BF4B-00C04F79EFBC}") = "Identity", "Identity\Identity.csproj", "{E7A29181-5052-4639-84ED-5CBFD0823D98}"
EndProject
Project("{FAE04EC0-301F-11D3-BF4B-00C04F79EFBC}") = "Domain", "Domain\Domain.csproj", "{543678A7-4055-47F1-824C-EA1E7F4D5498}"
EndProject
Project("{FAE04EC0-301F-11D3-BF4B-00C04F79EFBC}") = "DomainShared", "DomainShared\DomainShared.csproj", "{9D7BBFE6-E2B9-4D17-9D5E-E36E2099B113}"
EndProject
Project("{FAE04EC0-301F-11D3-BF4B-00C04F79EFBC}") = "Application", "Application\Application.csproj", "{F9FAAADA-F14F-4B21-9235-AF6AC3190047}"
EndProject
Project("{FAE04EC0-301F-11D3-BF4B-00C04F79EFBC}") = "ApplicationContract", "ApplicationContract\ApplicationContract.csproj", "{BAFDF133-E9B5-4113-861A-A4925BC686CE}"
EndProject
Project("{FAE04EC0-301F-11D3-BF4B-00C04F79EFBC}") = "Infrastructure", "Infrastructure\Infrastructure.csproj", "{023DC5D5-7AF7-4E06-A15D-2EFDF5D8FAED}"
EndProject
Project("{2150E333-8FDC-42A3-9474-1A3956D46DE8}") = "src", "src", "{85B42A5F-674A-4CD1-A7EE-C6CEF1056E4A}"
EndProject
Project("{FAE04EC0-301F-11D3-BF4B-00C04F79EFBC}") = "Gateway.Ocelot", "Gateway.Ocelot\Gateway.Ocelot.csproj", "{F9F8983D-74D4-4970-9ADF-715679A6F69F}"
EndProject
Global
	GlobalSection(SolutionConfigurationPlatforms) = preSolution
		Debug|Any CPU = Debug|Any CPU
		Release|Any CPU = Release|Any CPU
	EndGlobalSection
	GlobalSection(ProjectConfigurationPlatforms) = postSolution
		{E7A29181-5052-4639-84ED-5CBFD0823D98}.Debug|Any CPU.ActiveCfg = Debug|Any CPU
		{E7A29181-5052-4639-84ED-5CBFD0823D98}.Debug|Any CPU.Build.0 = Debug|Any CPU
		{E7A29181-5052-4639-84ED-5CBFD0823D98}.Release|Any CPU.ActiveCfg = Release|Any CPU
		{E7A29181-5052-4639-84ED-5CBFD0823D98}.Release|Any CPU.Build.0 = Release|Any CPU
		{543678A7-4055-47F1-824C-EA1E7F4D5498}.Debug|Any CPU.ActiveCfg = Debug|Any CPU
		{543678A7-4055-47F1-824C-EA1E7F4D5498}.Debug|Any CPU.Build.0 = Debug|Any CPU
		{543678A7-4055-47F1-824C-EA1E7F4D5498}.Release|Any CPU.ActiveCfg = Release|Any CPU
		{543678A7-4055-47F1-824C-EA1E7F4D5498}.Release|Any CPU.Build.0 = Release|Any CPU
		{9D7BBFE6-E2B9-4D17-9D5E-E36E2099B113}.Debug|Any CPU.ActiveCfg = Debug|Any CPU
		{9D7BBFE6-E2B9-4D17-9D5E-E36E2099B113}.Debug|Any CPU.Build.0 = Debug|Any CPU
		{9D7BBFE6-E2B9-4D17-9D5E-E36E2099B113}.Release|Any CPU.ActiveCfg = Release|Any CPU
		{9D7BBFE6-E2B9-4D17-9D5E-E36E2099B113}.Release|Any CPU.Build.0 = Release|Any CPU
		{F9FAAADA-F14F-4B21-9235-AF6AC3190047}.Debug|Any CPU.ActiveCfg = Debug|Any CPU
		{F9FAAADA-F14F-4B21-9235-AF6AC3190047}.Debug|Any CPU.Build.0 = Debug|Any CPU
		{F9FAAADA-F14F-4B21-9235-AF6AC3190047}.Release|Any CPU.ActiveCfg = Release|Any CPU
		{F9FAAADA-F14F-4B21-9235-AF6AC3190047}.Release|Any CPU.Build.0 = Release|Any CPU
		{BAFDF133-E9B5-4113-861A-A4925BC686CE}.Debug|Any CPU.ActiveCfg = Debug|Any CPU
		{BAFDF133-E9B5-4113-861A-A4925BC686CE}.Debug|Any CPU.Build.0 = Debug|Any CPU
		{BAFDF133-E9B5-4113-861A-A4925BC686CE}.Release|Any CPU.ActiveCfg = Release|Any CPU
		{BAFDF133-E9B5-4113-861A-A4925BC686CE}.Release|Any CPU.Build.0 = Release|Any CPU
		{023DC5D5-7AF7-4E06-A15D-2EFDF5D8FAED}.Debug|Any CPU.ActiveCfg = Debug|Any CPU
		{023DC5D5-7AF7-4E06-A15D-2EFDF5D8FAED}.Debug|Any CPU.Build.0 = Debug|Any CPU
		{023DC5D5-7AF7-4E06-A15D-2EFDF5D8FAED}.Release|Any CPU.ActiveCfg = Release|Any CPU
		{023DC5D5-7AF7-4E06-A15D-2EFDF5D8FAED}.Release|Any CPU.Build.0 = Release|Any CPU
		{F9F8983D-74D4-4970-9ADF-715679A6F69F}.Debug|Any CPU.ActiveCfg = Debug|Any CPU
		{F9F8983D-74D4-4970-9ADF-715679A6F69F}.Debug|Any CPU.Build.0 = Debug|Any CPU
		{F9F8983D-74D4-4970-9ADF-715679A6F69F}.Release|Any CPU.ActiveCfg = Release|Any CPU
		{F9F8983D-74D4-4970-9ADF-715679A6F69F}.Release|Any CPU.Build.0 = Release|Any CPU
	EndGlobalSection
	GlobalSection(SolutionProperties) = preSolution
		HideSolutionNode = FALSE
	EndGlobalSection
	GlobalSection(NestedProjects) = preSolution
		{E7A29181-5052-4639-84ED-5CBFD0823D98} = {85B42A5F-674A-4CD1-A7EE-C6CEF1056E4A}
		{543678A7-4055-47F1-824C-EA1E7F4D5498} = {85B42A5F-674A-4CD1-A7EE-C6CEF1056E4A}
		{9D7BBFE6-E2B9-4D17-9D5E-E36E2099B113} = {85B42A5F-674A-4CD1-A7EE-C6CEF1056E4A}
		{F9FAAADA-F14F-4B21-9235-AF6AC3190047} = {85B42A5F-674A-4CD1-A7EE-C6CEF1056E4A}
		{BAFDF133-E9B5-4113-861A-A4925BC686CE} = {85B42A5F-674A-4CD1-A7EE-C6CEF1056E4A}
		{023DC5D5-7AF7-4E06-A15D-2EFDF5D8FAED} = {85B42A5F-674A-4CD1-A7EE-C6CEF1056E4A}
	EndGlobalSection
EndGlobal
